("quicklisp" .
 (:class qlot/source/dist:source-dist
  :initargs (:distribution "https://beta.quicklisp.org/dist/quicklisp.txt" :%version :latest)
  :version "2024-10-12"))
("cl-fad" .
 (:class qlot/source/ql:source-ql
  :initargs (:%version :latest)
  :version "ql-2022-02-20"))
("sharplispers-log4cl" .
 (:class qlot/source/ultralisp:source-ultralisp
  :initargs (:%version :latest)
  :version "ultralisp-20241128044523"))
("shamazmazum-vp-trees" .
 (:class qlot/source/ultralisp:source-ultralisp
  :initargs (:%version :latest)
  :version "ultralisp-20250716063000"))
("cl-sqlite" .
 (:class qlot/source/ql:source-ql
  :initargs (:%version :latest)
  :version "ql-2019-08-13"))
("lparallel" .
 (:class qlot/source/ql:source-ql
  :initargs (:%version :latest)
  :version "ql-2016-08-25"))
("serapeum" .
 (:class qlot/source/ql:source-ql
  :initargs (:%version :latest)
  :version "ql-2024-10-12"))
("lispgames-cl-sdl2" .
 (:class qlot/source/ultralisp:source-ultralisp
  :initargs (:%version :latest)
  :version "ultralisp-20241128044523"))
("lispgames-cl-sdl2-image" .
 (:class qlot/source/ultralisp:source-ultralisp
  :initargs (:%version :latest)
  :version "ultralisp-20241128044523"))
("split-sequence" .
 (:class qlot/source/ql:source-ql
  :initargs (:%version :latest)
  :version "ql-2021-05-31"))
("cl-sdl2-ttf" .
 (:class qlot/source/ql:source-ql
  :initargs (:%version :latest)
  :version "ql-2024-10-12"))
("BnMcGn-snakes" .
 (:class qlot/source/ultralisp:source-ultralisp
  :initargs (:%version :latest)
  :version "ultralisp-20241128044523"))
("shamazmazum-command-line-parse" .
 (:class qlot/source/ultralisp:source-ultralisp
  :initargs (:%version :latest)
  :version "ultralisp-20241204090500"))
("imago" .
 (:class qlot/source/github:source-github
  :initargs (:repos "tokenrove/imago" :ref "ad98d0d" :branch nil :tag nil)
  :version "github-ad98d0d"))
("font-discovery" .
 (:class qlot/source/ql:source-ql
  :initargs (:%version :latest)
  :version "ql-2025-06-22"))
("cl-libheif" .
 (:class qlot/source/github:source-github
  :initargs (:repos "shamazmazum/cl-libheif" :ref nil :branch nil :tag "v1.0.1")
  :version "github-6587cf1ca06996e29efa29afff068e670e351c46"))
("cl-fftw" .
 (:class qlot/source/github:source-github
  :initargs (:repos "shamazmazum/cl-fftw" :ref nil :branch nil :tag "v0.2")
  :version "github-779ee0f5141c4a0dd43c12419ec90592743cffa4"))
("perceptual-hashes" .
 (:class qlot/source/github:source-github
  :initargs (:repos "shamazmazum/perceptual-hashes" :ref nil :branch nil :tag "v0.4.0")
  :version "github-7e85ad5019ac102cefa9e9091416991f794b8a35"))
